
Microsoft Visual Studio Solution File, Format Version 12.00
# Visual Studio Version 16
VisualStudioVersion = 16.0.30413.136
MinimumVisualStudioVersion = 10.0.40219.1
Project("{FAE04EC0-301F-11D3-BF4B-00C04F79EFBC}") = "ProyectoCerealesVentura", "ProyectoCerealesVentura\ProyectoCerealesVentura.csproj", "{879DD2DC-34DA-4142-BD85-C8E1CD434270}"
EndProject
Global
	GlobalSection(SolutionConfigurationPlatforms) = preSolution
		Debug|Any CPU = Debug|Any CPU
		Release|Any CPU = Release|Any CPU
	EndGlobalSection
	GlobalSection(ProjectConfigurationPlatforms) = postSolution
		{879DD2DC-34DA-4142-BD85-C8E1CD434270}.Debug|Any CPU.ActiveCfg = Debug|Any CPU
		{879DD2DC-34DA-4142-BD85-C8E1CD434270}.Debug|Any CPU.Build.0 = Debug|Any CPU
		{879DD2DC-34DA-4142-BD85-C8E1CD434270}.Release|Any CPU.ActiveCfg = Release|Any CPU
		{879DD2DC-34DA-4142-BD85-C8E1CD434270}.Release|Any CPU.Build.0 = Release|Any CPU
	EndGlobalSection
	GlobalSection(SolutionProperties) = preSolution
		HideSolutionNode = FALSE
	EndGlobalSection
	GlobalSection(ExtensibilityGlobals) = postSolution
		SolutionGuid = {804C606A-2198-49F4-9FE1-D0BE400DD058}
	EndGlobalSection
EndGlobal
